{
  "name": "mdast2docx",
  "version": "1.0.0",
  "lockfileVersion": 1,
  "requires": true,
  "dependencies": {
    "@adobe/helix-shared-process-queue": {
      "version": "1.0.0",
      "resolved": "https://registry.npmjs.org/@adobe/helix-shared-process-queue/-/helix-shared-process-queue-1.0.0.tgz",
      "integrity": "sha512-LpDBwqvKB1JCp9n2AxRLlHc7xeUPifBpyFVTuFHbeKg7rrSVaNsWMN80Ff13lrxRwadsUpnm9BEearzO+xNm/w=="
    },
    "@types/hast": {
      "version": "2.3.4",
      "resolved": "https://registry.npmjs.org/@types/hast/-/hast-2.3.4.tgz",
      "integrity": "sha512-wLEm0QvaoawEDoTRwzTXp4b4jpwiJDvR5KMnFnVodm3scufTlBOWRD6N1OBf9TZMhjlNsSfcO5V+7AF4+Vy+9g==",
      "requires": {
        "@types/unist": "*"
      }
    },
    "@types/jszip": {
      "version": "3.4.1",
      "resolved": "https://registry.npmjs.org/@types/jszip/-/jszip-3.4.1.tgz",
      "integrity": "sha512-TezXjmf3lj+zQ651r6hPqvSScqBLvyPI9FxdXBqpEwBijNGQ2NXpaFW/7joGzveYkKQUil7iiDHLo6LV71Pc0A==",
      "requires": {
        "jszip": "*"
      }
    },
    "@types/node": {
      "version": "14.17.21",
      "resolved": "https://registry.npmjs.org/@types/node/-/node-14.17.21.tgz",
      "integrity": "sha512-zv8ukKci1mrILYiQOwGSV4FpkZhyxQtuFWGya2GujWg+zVAeRQ4qbaMmWp9vb9889CFA8JECH7lkwCL6Ygg8kA=="
    },
    "@types/parse5": {
      "version": "5.0.3",
      "resolved": "https://registry.npmjs.org/@types/parse5/-/parse5-5.0.3.tgz",
      "integrity": "sha512-kUNnecmtkunAoQ3CnjmMkzNU/gtxG8guhi+Fk2U/kOpIKjIMKnXGp4IJCgQJrXSgMsWYimYG4TGjz/UzbGEBTw=="
    },
    "@types/unist": {
      "version": "2.0.6",
      "resolved": "https://registry.npmjs.org/@types/unist/-/unist-2.0.6.tgz",
      "integrity": "sha512-PBjIUxZHOuj0R15/xuwJYjFi+KZdNFrehocChv4g5hu6aFroHue8m0lBP0POdK2nKzbw0cgV1mws8+V/JAcEkQ=="
    },
    "bail": {
      "version": "1.0.5",
      "resolved": "https://registry.npmjs.org/bail/-/bail-1.0.5.tgz",
      "integrity": "sha512-xFbRxM1tahm08yHBP16MMjVUAvDaBMD38zsM9EMAUN61omwLmKlOpB/Zku5QkjZ8TZ4vn53pj+t518cH0S03RQ=="
    },
    "comma-separated-tokens": {
      "version": "1.0.8",
      "resolved": "https://registry.npmjs.org/comma-separated-tokens/-/comma-separated-tokens-1.0.8.tgz",
      "integrity": "sha512-GHuDRO12Sypu2cV70d1dkA2EUmXHgntrzbpvOB+Qy+49ypNfGgFQIC2fhhXbnyrJRynDCAARsT7Ou0M6hirpfw=="
    },
    "core-util-is": {
      "version": "1.0.3",
      "resolved": "https://registry.npmjs.org/core-util-is/-/core-util-is-1.0.3.tgz",
      "integrity": "sha512-ZQBvi1DcpJ4GDqanjucZ2Hj3wEO5pZDS89BWbkcrvdxksJorwUDDZamX9ldFkp9aw2lmBDLgkObEA4DWNJ9FYQ=="
    },
    "docx": {
      "version": "6.0.3",
      "resolved": "https://registry.npmjs.org/docx/-/docx-6.0.3.tgz",
      "integrity": "sha512-e9bLznPAnZVNZS+Vddt/atphFy1GZ/ln/Xw1lGn19MIv8HHzP2ivTUUTjGPfpZpHinHdU+zsi8y32q8V8/guow==",
      "requires": {
        "@types/jszip": "^3.1.4",
        "@types/node": "^14.0.5",
        "jszip": "^3.1.5",
        "nanoid": "^3.1.20",
        "xml": "^1.0.1",
        "xml-js": "^1.6.8"
      }
    },
    "extend": {
      "version": "3.0.2",
      "resolved": "https://registry.npmjs.org/extend/-/extend-3.0.2.tgz",
      "integrity": "sha512-fjquC59cD7CyW6urNXK0FBufkZcoiGG80wTuPujX590cB5Ttln20E2UB4S/WARVqhXffZl2LNgS+gQdPIIim/g=="
    },
    "hast-util-embedded": {
      "version": "1.0.6",
      "resolved": "https://registry.npmjs.org/hast-util-embedded/-/hast-util-embedded-1.0.6.tgz",
      "integrity": "sha512-JQMW+TJe0UAIXZMjCJ4Wf6ayDV9Yv3PBDPsHD4ExBpAspJ6MOcCX+nzVF+UJVv7OqPcg852WEMSHQPoRA+FVSw==",
      "requires": {
        "hast-util-is-element": "^1.1.0"
      }
    },
    "hast-util-from-parse5": {
      "version": "6.0.1",
      "resolved": "https://registry.npmjs.org/hast-util-from-parse5/-/hast-util-from-parse5-6.0.1.tgz",
      "integrity": "sha512-jeJUWiN5pSxW12Rh01smtVkZgZr33wBokLzKLwinYOUfSzm1Nl/c3GUGebDyOKjdsRgMvoVbV0VpAcpjF4NrJA==",
      "requires": {
        "@types/parse5": "^5.0.0",
        "hastscript": "^6.0.0",
        "property-information": "^5.0.0",
        "vfile": "^4.0.0",
        "vfile-location": "^3.2.0",
        "web-namespaces": "^1.0.0"
      }
    },
    "hast-util-has-property": {
      "version": "1.0.4",
      "resolved": "https://registry.npmjs.org/hast-util-has-property/-/hast-util-has-property-1.0.4.tgz",
      "integrity": "sha512-ghHup2voGfgFoHMGnaLHOjbYFACKrRh9KFttdCzMCbFoBMJXiNi2+XTrPP8+q6cDJM/RSqlCfVWrjp1H201rZg=="
    },
    "hast-util-is-element": {
      "version": "1.1.0",
      "resolved": "https://registry.npmjs.org/hast-util-is-element/-/hast-util-is-element-1.1.0.tgz",
      "integrity": "sha512-oUmNua0bFbdrD/ELDSSEadRVtWZOf3iF6Lbv81naqsIV99RnSCieTbWuWCY8BAeEfKJTKl0gRdokv+dELutHGQ=="
    },
    "hast-util-parse-selector": {
      "version": "2.2.5",
      "resolved": "https://registry.npmjs.org/hast-util-parse-selector/-/hast-util-parse-selector-2.2.5.tgz",
      "integrity": "sha512-7j6mrk/qqkSehsM92wQjdIgWM2/BW61u/53G6xmC8i1OmEdKLHbk419QKQUjz6LglWsfqoiHmyMRkP1BGjecNQ=="
    },
    "hast-util-to-mdast": {
      "version": "7.1.3",
      "resolved": "https://registry.npmjs.org/hast-util-to-mdast/-/hast-util-to-mdast-7.1.3.tgz",
      "integrity": "sha512-3vER9p8B8mCs5b2qzoBiWlC9VnTkFmr8Ufb1eKdcvhVY+nipt52YfMRshk5r9gOE1IZ9/xtlSxebGCv1ig9uKA==",
      "requires": {
        "extend": "^3.0.0",
        "hast-util-has-property": "^1.0.0",
        "hast-util-is-element": "^1.1.0",
        "hast-util-to-text": "^2.0.0",
        "mdast-util-phrasing": "^2.0.0",
        "mdast-util-to-string": "^1.0.0",
        "rehype-minify-whitespace": "^4.0.3",
        "repeat-string": "^1.6.1",
        "trim-trailing-lines": "^1.1.0",
        "unist-util-is": "^4.0.0",
        "unist-util-visit": "^2.0.0",
        "xtend": "^4.0.1"
      }
    },
    "hast-util-to-text": {
      "version": "2.0.1",
      "resolved": "https://registry.npmjs.org/hast-util-to-text/-/hast-util-to-text-2.0.1.tgz",
      "integrity": "sha512-8nsgCARfs6VkwH2jJU9b8LNTuR4700na+0h3PqCaEk4MAnMDeu5P0tP8mjk9LLNGxIeQRLbiDbZVw6rku+pYsQ==",
      "requires": {
        "hast-util-is-element": "^1.0.0",
        "repeat-string": "^1.0.0",
        "unist-util-find-after": "^3.0.0"
      }
    },
    "hast-util-whitespace": {
      "version": "1.0.4",
      "resolved": "https://registry.npmjs.org/hast-util-whitespace/-/hast-util-whitespace-1.0.4.tgz",
      "integrity": "sha512-I5GTdSfhYfAPNztx2xJRQpG8cuDSNt599/7YUn7Gx/WxNMsG+a835k97TDkFgk123cwjfwINaZknkKkphx/f2A=="
    },
    "hastscript": {
      "version": "6.0.0",
      "resolved": "https://registry.npmjs.org/hastscript/-/hastscript-6.0.0.tgz",
      "integrity": "sha512-nDM6bvd7lIqDUiYEiu5Sl/+6ReP0BMk/2f4U/Rooccxkj0P5nm+acM5PrGJ/t5I8qPGiqZSE6hVAwZEdZIvP4w==",
      "requires": {
        "@types/hast": "^2.0.0",
        "comma-separated-tokens": "^1.0.0",
        "hast-util-parse-selector": "^2.0.0",
        "property-information": "^5.0.0",
        "space-separated-tokens": "^1.0.0"
      }
    },
    "image-size": {
      "version": "1.0.0",
      "resolved": "https://registry.npmjs.org/image-size/-/image-size-1.0.0.tgz",
      "integrity": "sha512-JLJ6OwBfO1KcA+TvJT+v8gbE6iWbj24LyDNFgFEN0lzegn6cC6a/p3NIDaepMsJjQjlUWqIC7wJv8lBFxPNjcw==",
      "requires": {
        "queue": "6.0.2"
      }
    },
    "immediate": {
      "version": "3.0.6",
      "resolved": "https://registry.npmjs.org/immediate/-/immediate-3.0.6.tgz",
      "integrity": "sha1-nbHb0Pr43m++D13V5Wu2BigN5ps="
    },
    "inherits": {
      "version": "2.0.4",
      "resolved": "https://registry.npmjs.org/inherits/-/inherits-2.0.4.tgz",
      "integrity": "sha512-k/vGaX4/Yla3WzyMCvTQOXYeIHvqOKtnqBduzTHpzpQZzAskKMhZ2K+EnBiSM9zGSoIFeMpXKxa4dYeZIQqewQ=="
    },
    "is-buffer": {
      "version": "2.0.5",
      "resolved": "https://registry.npmjs.org/is-buffer/-/is-buffer-2.0.5.tgz",
      "integrity": "sha512-i2R6zNFDwgEHJyQUtJEk0XFi1i0dPFn/oqjK3/vPCcDeJvW5NQ83V8QbicfF1SupOaB0h8ntgBC2YiE7dfyctQ=="
    },
    "is-plain-obj": {
      "version": "2.1.0",
      "resolved": "https://registry.npmjs.org/is-plain-obj/-/is-plain-obj-2.1.0.tgz",
      "integrity": "sha512-YWnfyRwxL/+SsrWYfOpUtz5b3YD+nyfkHvjbcanzk8zgyO4ASD67uVMRt8k5bM4lLMDnXfriRhOpemw+NfT1eA=="
    },
    "isarray": {
      "version": "1.0.0",
      "resolved": "https://registry.npmjs.org/isarray/-/isarray-1.0.0.tgz",
      "integrity": "sha1-u5NdSFgsuhaMBoNJV6VKPgcSTxE="
    },
    "jszip": {
      "version": "3.7.1",
      "resolved": "https://registry.npmjs.org/jszip/-/jszip-3.7.1.tgz",
      "integrity": "sha512-ghL0tz1XG9ZEmRMcEN2vt7xabrDdqHHeykgARpmZ0BiIctWxM47Vt63ZO2dnp4QYt/xJVLLy5Zv1l/xRdh2byg==",
      "requires": {
        "lie": "~3.3.0",
        "pako": "~1.0.2",
        "readable-stream": "~2.3.6",
        "set-immediate-shim": "~1.0.1"
      }
    },
    "lie": {
      "version": "3.3.0",
      "resolved": "https://registry.npmjs.org/lie/-/lie-3.3.0.tgz",
      "integrity": "sha512-UaiMJzeWRlEujzAuw5LokY1L5ecNQYZKfmyZ9L7wDHb/p5etKaxXhohBcrw0EYby+G/NA52vRSN4N39dxHAIwQ==",
      "requires": {
        "immediate": "~3.0.5"
      }
    },
    "mdast-util-phrasing": {
      "version": "2.0.0",
      "resolved": "https://registry.npmjs.org/mdast-util-phrasing/-/mdast-util-phrasing-2.0.0.tgz",
      "integrity": "sha512-G1rNlW/sViwzbBYD7+k3mKGtoWV2v4GBFky66OYHfktHe7Hg9R+hH4xpeoOtjYiwTvle8C8wlKMpgqPCkaeK8Q==",
      "requires": {
        "unist-util-is": "^4.0.0"
      }
    },
    "mdast-util-to-string": {
      "version": "1.1.0",
      "resolved": "https://registry.npmjs.org/mdast-util-to-string/-/mdast-util-to-string-1.1.0.tgz",
      "integrity": "sha512-jVU0Nr2B9X3MU4tSK7JP1CMkSvOj7X5l/GboG1tKRw52lLF1x2Ju92Ms9tNetCcbfX3hzlM73zYo2NKkWSfF/A=="
    },
    "nanoid": {
      "version": "3.1.29",
      "resolved": "https://registry.npmjs.org/nanoid/-/nanoid-3.1.29.tgz",
      "integrity": "sha512-dW2pUSGZ8ZnCFIlBIA31SV8huOGCHb6OwzVCc7A69rb/a+SgPBwfmLvK5TKQ3INPbRkcI8a/Owo0XbiTNH19wg=="
    },
    "pako": {
      "version": "1.0.11",
      "resolved": "https://registry.npmjs.org/pako/-/pako-1.0.11.tgz",
      "integrity": "sha512-4hLB8Py4zZce5s4yd9XzopqwVv/yGNhV1Bl8NTmCq1763HeK2+EwVTv+leGeL13Dnh2wfbqowVPXCIO0z4taYw=="
    },
    "parse5": {
      "version": "6.0.1",
      "resolved": "https://registry.npmjs.org/parse5/-/parse5-6.0.1.tgz",
      "integrity": "sha512-Ofn/CTFzRGTTxwpNEs9PP93gXShHcTq255nzRYSKe8AkVpZY7e1fpmTfOyoIvjP5HG7Z2ZM7VS9PPhQGW2pOpw=="
    },
    "process-nextick-args": {
      "version": "2.0.1",
      "resolved": "https://registry.npmjs.org/process-nextick-args/-/process-nextick-args-2.0.1.tgz",
      "integrity": "sha512-3ouUOpQhtgrbOa17J7+uxOTpITYWaGP7/AhoR3+A+/1e9skrzelGi/dXzEYyvbxubEF6Wn2ypscTKiKJFFn1ag=="
    },
    "property-information": {
      "version": "5.6.0",
      "resolved": "https://registry.npmjs.org/property-information/-/property-information-5.6.0.tgz",
      "integrity": "sha512-YUHSPk+A30YPv+0Qf8i9Mbfe/C0hdPXk1s1jPVToV8pk8BQtpw10ct89Eo7OWkutrwqvT0eicAxlOg3dOAu8JA==",
      "requires": {
        "xtend": "^4.0.0"
      }
    },
    "queue": {
      "version": "6.0.2",
      "resolved": "https://registry.npmjs.org/queue/-/queue-6.0.2.tgz",
      "integrity": "sha512-iHZWu+q3IdFZFX36ro/lKBkSvfkztY5Y7HMiPlOUjhupPcG2JMfst2KKEpu5XndviX/3UhFbRngUPNKtgvtZiA==",
      "requires": {
        "inherits": "~2.0.3"
      }
    },
    "readable-stream": {
      "version": "2.3.7",
      "resolved": "https://registry.npmjs.org/readable-stream/-/readable-stream-2.3.7.tgz",
      "integrity": "sha512-Ebho8K4jIbHAxnuxi7o42OrZgF/ZTNcsZj6nRKyUmkhLFq8CHItp/fy6hQZuZmP/n3yZ9VBUbp4zz/mX8hmYPw==",
      "requires": {
        "core-util-is": "~1.0.0",
        "inherits": "~2.0.3",
        "isarray": "~1.0.0",
        "process-nextick-args": "~2.0.0",
        "safe-buffer": "~5.1.1",
        "string_decoder": "~1.1.1",
        "util-deprecate": "~1.0.1"
      }
    },
    "rehype-minify-whitespace": {
      "version": "4.0.5",
      "resolved": "https://registry.npmjs.org/rehype-minify-whitespace/-/rehype-minify-whitespace-4.0.5.tgz",
      "integrity": "sha512-QC3Z+bZ5wbv+jGYQewpAAYhXhzuH/TVRx7z08rurBmh9AbG8Nu8oJnvs9LWj43Fd/C7UIhXoQ7Wddgt+ThWK5g==",
      "requires": {
        "hast-util-embedded": "^1.0.0",
        "hast-util-is-element": "^1.0.0",
        "hast-util-whitespace": "^1.0.4",
        "unist-util-is": "^4.0.0"
      }
    },
    "rehype-parse": {
      "version": "7.0.1",
      "resolved": "https://registry.npmjs.org/rehype-parse/-/rehype-parse-7.0.1.tgz",
      "integrity": "sha512-fOiR9a9xH+Le19i4fGzIEowAbwG7idy2Jzs4mOrFWBSJ0sNUgy0ev871dwWnbOo371SjgjG4pwzrbgSVrKxecw==",
      "requires": {
        "hast-util-from-parse5": "^6.0.0",
        "parse5": "^6.0.0"
      }
    },
    "repeat-string": {
      "version": "1.6.1",
      "resolved": "https://registry.npmjs.org/repeat-string/-/repeat-string-1.6.1.tgz",
      "integrity": "sha1-jcrkcOHIirwtYA//Sndihtp15jc="
    },
    "safe-buffer": {
      "version": "5.1.2",
      "resolved": "https://registry.npmjs.org/safe-buffer/-/safe-buffer-5.1.2.tgz",
      "integrity": "sha512-Gd2UZBJDkXlY7GbJxfsE8/nvKkUEU1G38c1siN6QP6a9PT9MmHB8GnpscSmMJSoF8LOIrt8ud/wPtojys4G6+g=="
    },
    "sax": {
      "version": "1.2.4",
      "resolved": "https://registry.npmjs.org/sax/-/sax-1.2.4.tgz",
      "integrity": "sha512-NqVDv9TpANUjFm0N8uM5GxL36UgKi9/atZw+x7YFnQ8ckwFGKrl4xX4yWtrey3UJm5nP1kUbnYgLopqWNSRhWw=="
    },
    "set-immediate-shim": {
      "version": "1.0.1",
      "resolved": "https://registry.npmjs.org/set-immediate-shim/-/set-immediate-shim-1.0.1.tgz",
      "integrity": "sha1-SysbJ+uAip+NzEgaWOXlb1mfP2E="
    },
    "space-separated-tokens": {
      "version": "1.1.5",
      "resolved": "https://registry.npmjs.org/space-separated-tokens/-/space-separated-tokens-1.1.5.tgz",
      "integrity": "sha512-q/JSVd1Lptzhf5bkYm4ob4iWPjx0KiRe3sRFBNrVqbJkFaBm5vbbowy1mymoPNLRa52+oadOhJ+K49wsSeSjTA=="
    },
    "string_decoder": {
      "version": "1.1.1",
      "resolved": "https://registry.npmjs.org/string_decoder/-/string_decoder-1.1.1.tgz",
      "integrity": "sha512-n/ShnvDi6FHbbVfviro+WojiFzv+s8MPMHBczVePfUpDJLwoLT0ht1l4YwBCbi8pJAveEEdnkHyPyTP/mzRfwg==",
      "requires": {
        "safe-buffer": "~5.1.0"
      }
    },
    "trim-trailing-lines": {
      "version": "1.1.4",
      "resolved": "https://registry.npmjs.org/trim-trailing-lines/-/trim-trailing-lines-1.1.4.tgz",
      "integrity": "sha512-rjUWSqnfTNrjbB9NQWfPMH/xRK1deHeGsHoVfpxJ++XeYXE0d6B1En37AHfw3jtfTU7dzMzZL2jjpe8Qb5gLIQ=="
    },
    "trough": {
      "version": "1.0.5",
      "resolved": "https://registry.npmjs.org/trough/-/trough-1.0.5.tgz",
      "integrity": "sha512-rvuRbTarPXmMb79SmzEp8aqXNKcK+y0XaB298IXueQ8I2PsrATcPBCSPyK/dDNa2iWOhKlfNnOjdAOTBU/nkFA=="
    },
    "unified": {
      "version": "9.2.2",
      "resolved": "https://registry.npmjs.org/unified/-/unified-9.2.2.tgz",
      "integrity": "sha512-Sg7j110mtefBD+qunSLO1lqOEKdrwBFBrR6Qd8f4uwkhWNlbkaqwHse6e7QvD3AP/MNoJdEDLaf8OxYyoWgorQ==",
      "requires": {
        "bail": "^1.0.0",
        "extend": "^3.0.0",
        "is-buffer": "^2.0.0",
        "is-plain-obj": "^2.0.0",
        "trough": "^1.0.0",
        "vfile": "^4.0.0"
      }
    },
    "unist-util-find-after": {
      "version": "3.0.0",
      "resolved": "https://registry.npmjs.org/unist-util-find-after/-/unist-util-find-after-3.0.0.tgz",
      "integrity": "sha512-ojlBqfsBftYXExNu3+hHLfJQ/X1jYY/9vdm4yZWjIbf0VuWF6CRufci1ZyoD/wV2TYMKxXUoNuoqwy+CkgzAiQ==",
      "requires": {
        "unist-util-is": "^4.0.0"
      }
    },
    "unist-util-is": {
      "version": "4.1.0",
      "resolved": "https://registry.npmjs.org/unist-util-is/-/unist-util-is-4.1.0.tgz",
      "integrity": "sha512-ZOQSsnce92GrxSqlnEEseX0gi7GH9zTJZ0p9dtu87WRb/37mMPO2Ilx1s/t9vBHrFhbgweUwb+t7cIn5dxPhZg=="
    },
    "unist-util-stringify-position": {
      "version": "2.0.3",
      "resolved": "https://registry.npmjs.org/unist-util-stringify-position/-/unist-util-stringify-position-2.0.3.tgz",
      "integrity": "sha512-3faScn5I+hy9VleOq/qNbAd6pAx7iH5jYBMS9I1HgQVijz/4mv5Bvw5iw1sC/90CODiKo81G/ps8AJrISn687g==",
      "requires": {
        "@types/unist": "^2.0.2"
      }
    },
    "unist-util-visit": {
      "version": "2.0.3",
      "resolved": "https://registry.npmjs.org/unist-util-visit/-/unist-util-visit-2.0.3.tgz",
      "integrity": "sha512-iJ4/RczbJMkD0712mGktuGpm/U4By4FfDonL7N/9tATGIF4imikjOuagyMY53tnZq3NP6BcmlrHhEKAfGWjh7Q==",
      "requires": {
        "@types/unist": "^2.0.0",
        "unist-util-is": "^4.0.0",
        "unist-util-visit-parents": "^3.0.0"
      }
    },
    "unist-util-visit-parents": {
      "version": "3.1.1",
      "resolved": "https://registry.npmjs.org/unist-util-visit-parents/-/unist-util-visit-parents-3.1.1.tgz",
      "integrity": "sha512-1KROIZWo6bcMrZEwiH2UrXDyalAa0uqzWCxCJj6lPOvTve2WkfgCytoDTPaMnodXh1WrXOq0haVYHj99ynJlsg==",
      "requires": {
        "@types/unist": "^2.0.0",
        "unist-util-is": "^4.0.0"
      }
    },
    "util-deprecate": {
      "version": "1.0.2",
      "resolved": "https://registry.npmjs.org/util-deprecate/-/util-deprecate-1.0.2.tgz",
      "integrity": "sha1-RQ1Nyfpw3nMnYvvS1KKJgUGaDM8="
    },
    "vfile": {
      "version": "4.2.1",
      "resolved": "https://registry.npmjs.org/vfile/-/vfile-4.2.1.tgz",
      "integrity": "sha512-O6AE4OskCG5S1emQ/4gl8zK586RqA3srz3nfK/Viy0UPToBc5Trp9BVFb1u0CjsKrAWwnpr4ifM/KBXPWwJbCA==",
      "requires": {
        "@types/unist": "^2.0.0",
        "is-buffer": "^2.0.0",
        "unist-util-stringify-position": "^2.0.0",
        "vfile-message": "^2.0.0"
      }
    },
    "vfile-location": {
      "version": "3.2.0",
      "resolved": "https://registry.npmjs.org/vfile-location/-/vfile-location-3.2.0.tgz",
      "integrity": "sha512-aLEIZKv/oxuCDZ8lkJGhuhztf/BW4M+iHdCwglA/eWc+vtuRFJj8EtgceYFX4LRjOhCAAiNHsKGssC6onJ+jbA=="
    },
    "vfile-message": {
      "version": "2.0.4",
      "resolved": "https://registry.npmjs.org/vfile-message/-/vfile-message-2.0.4.tgz",
      "integrity": "sha512-DjssxRGkMvifUOJre00juHoP9DPWuzjxKuMDrhNbk2TdaYYBNMStsNhEOt3idrtI12VQYM/1+iM0KOzXi4pxwQ==",
      "requires": {
        "@types/unist": "^2.0.0",
        "unist-util-stringify-position": "^2.0.0"
      }
    },
    "web-namespaces": {
      "version": "1.1.4",
      "resolved": "https://registry.npmjs.org/web-namespaces/-/web-namespaces-1.1.4.tgz",
      "integrity": "sha512-wYxSGajtmoP4WxfejAPIr4l0fVh+jeMXZb08wNc0tMg6xsfZXj3cECqIK0G7ZAqUq0PP8WlMDtaOGVBTAWztNw=="
    },
    "xml": {
      "version": "1.0.1",
      "resolved": "https://registry.npmjs.org/xml/-/xml-1.0.1.tgz",
      "integrity": "sha1-eLpyAgApxbyHuKgaPPzXS0ovweU="
    },
    "xml-js": {
      "version": "1.6.11",
      "resolved": "https://registry.npmjs.org/xml-js/-/xml-js-1.6.11.tgz",
      "integrity": "sha512-7rVi2KMfwfWFl+GpPg6m80IVMWXLRjO+PxTq7V2CDhoGak0wzYzFgUY2m4XJ47OGdXd8eLE8EmwfAmdjw7lC1g==",
      "requires": {
        "sax": "^1.2.4"
      }
    },
    "xtend": {
      "version": "4.0.2",
      "resolved": "https://registry.npmjs.org/xtend/-/xtend-4.0.2.tgz",
      "integrity": "sha512-LKYU1iAXJXUgAXn9URjiu+MWhyUXHsvfp7mcuYm9dSUKK0/CjtrUwFAxD82/mCWbtLsGjFIad0wIsod4zrTAEQ=="
    }
  }
}
